
Microsoft Visual Studio Solution File, Format Version 12.00
# Visual Studio 14
VisualStudioVersion = 14.0.25420.1
MinimumVisualStudioVersion = 10.0.40219.1
Project("{FAE04EC0-301F-11D3-BF4B-00C04F79EFBC}") = "FMBot_Discord", "FMBot_Discord\FMBot_Discord.csproj", "{D4B253A5-9653-4827-A3A8-5A20413028CD}"
EndProject
Global
	GlobalSection(SolutionConfigurationPlatforms) = preSolution
		BinaryRelease|Any CPU = BinaryRelease|Any CPU
		Debug|Any CPU = Debug|Any CPU
		Release|Any CPU = Release|Any CPU
	EndGlobalSection
	GlobalSection(ProjectConfigurationPlatforms) = postSolution
		{D4B253A5-9653-4827-A3A8-5A20413028CD}.BinaryRelease|Any CPU.ActiveCfg = BinaryRelease|Any CPU
		{D4B253A5-9653-4827-A3A8-5A20413028CD}.BinaryRelease|Any CPU.Build.0 = BinaryRelease|Any CPU
		{D4B253A5-9653-4827-A3A8-5A20413028CD}.Debug|Any CPU.ActiveCfg = Debug|Any CPU
		{D4B253A5-9653-4827-A3A8-5A20413028CD}.Debug|Any CPU.Build.0 = Debug|Any CPU
		{D4B253A5-9653-4827-A3A8-5A20413028CD}.Release|Any CPU.ActiveCfg = Release|Any CPU
		{D4B253A5-9653-4827-A3A8-5A20413028CD}.Release|Any CPU.Build.0 = Release|Any CPU
	EndGlobalSection
	GlobalSection(SolutionProperties) = preSolution
		HideSolutionNode = FALSE
	EndGlobalSection
EndGlobal
