
Microsoft Visual Studio Solution File, Format Version 12.00
# Visual Studio Version 17
VisualStudioVersion = 17.1.32104.313
MinimumVisualStudioVersion = 10.0.40219.1
Project("{9A19103F-16F7-4668-BE54-9A1E7A4F7556}") = "FMBot.Bot", "FMBot.Bot\FMBot.Bot.csproj", "{D4B253A5-9653-4827-A3A8-5A20413028CD}"
	ProjectSection(ProjectDependencies) = postProject
		{769E7FD4-97EB-447C-92FB-11ED991EDAEF} = {769E7FD4-97EB-447C-92FB-11ED991EDAEF}
	EndProjectSection
EndProject
Project("{9A19103F-16F7-4668-BE54-9A1E7A4F7556}") = "FMBot.Persistence.EntityFrameWork", "FMBot.Persistence.EntityFrameWork\FMBot.Persistence.EntityFrameWork.csproj", "{769E7FD4-97EB-447C-92FB-11ED991EDAEF}"
EndProject
Project("{9A19103F-16F7-4668-BE54-9A1E7A4F7556}") = "FMBot.LastFM", "FMBot.LastFM\FMBot.LastFM.csproj", "{1C1B04B5-D8DD-4719-B77F-5F81C370FFF4}"
EndProject
Project("{9A19103F-16F7-4668-BE54-9A1E7A4F7556}") = "FMBot.Persistence", "FMBot.Persistence\FMBot.Persistence.csproj", "{2A6ECC70-CF19-408F-B092-9530EE6DD06F}"
EndProject
Project("{9A19103F-16F7-4668-BE54-9A1E7A4F7556}") = "FMBot.Persistence.Domain", "FMBot.Persistence.Domain\FMBot.Persistence.Domain.csproj", "{BE7C2F06-785E-4BCE-9413-3197ECBD9790}"
EndProject
Project("{9A19103F-16F7-4668-BE54-9A1E7A4F7556}") = "FMBot.LastFM.Domain", "FMBot.LastFM.Domain\FMBot.LastFM.Domain.csproj", "{FE7500D8-093E-405A-B767-2A9C49D8DE7F}"
EndProject
Project("{9A19103F-16F7-4668-BE54-9A1E7A4F7556}") = "FMBot.Domain", "FMBot.Domain\FMBot.Domain.csproj", "{FBC1F57B-4FA7-400C-B6F8-86700507F9B4}"
EndProject
Project("{9A19103F-16F7-4668-BE54-9A1E7A4F7556}") = "FMBot.Youtube", "FMBot.Youtube\FMBot.Youtube.csproj", "{4A84C25C-2443-4261-A8CB-F224851B9CE1}"
EndProject
Project("{9A19103F-16F7-4668-BE54-9A1E7A4F7556}") = "FMBot.Images", "FMBot.Images\FMBot.Images.csproj", "{3A126F42-6267-4ECC-9AB8-024DFF8B934E}"
EndProject
Project("{9A19103F-16F7-4668-BE54-9A1E7A4F7556}") = "FMBot.Subscriptions", "FMBot.Subscriptions\FMBot.Subscriptions.csproj", "{5E680345-355D-40CD-BF9B-31157F8CEAD8}"
EndProject
Project("{9A19103F-16F7-4668-BE54-9A1E7A4F7556}") = "FMBot.Discogs", "FMBot.Discogs\FMBot.Discogs.csproj", "{4EF56FE3-E3D2-417E-BE75-376225EAFC42}"
EndProject
Project("{9A19103F-16F7-4668-BE54-9A1E7A4F7556}") = "FMBot.Tests", "FMBot.Tests\FMBot.Tests.csproj", "{7B30B754-B4D9-4B16-B599-9EAA5A2DFC77}"
EndProject
Global
	GlobalSection(SolutionConfigurationPlatforms) = preSolution
		Debug|Any CPU = Debug|Any CPU
		Release|Any CPU = Release|Any CPU
	EndGlobalSection
	GlobalSection(ProjectConfigurationPlatforms) = postSolution
		{D4B253A5-9653-4827-A3A8-5A20413028CD}.Debug|Any CPU.ActiveCfg = Debug|Any CPU
		{D4B253A5-9653-4827-A3A8-5A20413028CD}.Debug|Any CPU.Build.0 = Debug|Any CPU
		{D4B253A5-9653-4827-A3A8-5A20413028CD}.Release|Any CPU.ActiveCfg = Release|Any CPU
		{D4B253A5-9653-4827-A3A8-5A20413028CD}.Release|Any CPU.Build.0 = Release|Any CPU
		{769E7FD4-97EB-447C-92FB-11ED991EDAEF}.Debug|Any CPU.ActiveCfg = Debug|Any CPU
		{769E7FD4-97EB-447C-92FB-11ED991EDAEF}.Debug|Any CPU.Build.0 = Debug|Any CPU
		{769E7FD4-97EB-447C-92FB-11ED991EDAEF}.Release|Any CPU.ActiveCfg = Release|Any CPU
		{769E7FD4-97EB-447C-92FB-11ED991EDAEF}.Release|Any CPU.Build.0 = Release|Any CPU
		{1C1B04B5-D8DD-4719-B77F-5F81C370FFF4}.Debug|Any CPU.ActiveCfg = Debug|Any CPU
		{1C1B04B5-D8DD-4719-B77F-5F81C370FFF4}.Debug|Any CPU.Build.0 = Debug|Any CPU
		{1C1B04B5-D8DD-4719-B77F-5F81C370FFF4}.Release|Any CPU.ActiveCfg = Release|Any CPU
		{1C1B04B5-D8DD-4719-B77F-5F81C370FFF4}.Release|Any CPU.Build.0 = Release|Any CPU
		{2A6ECC70-CF19-408F-B092-9530EE6DD06F}.Debug|Any CPU.ActiveCfg = Debug|Any CPU
		{2A6ECC70-CF19-408F-B092-9530EE6DD06F}.Debug|Any CPU.Build.0 = Debug|Any CPU
		{2A6ECC70-CF19-408F-B092-9530EE6DD06F}.Release|Any CPU.ActiveCfg = Release|Any CPU
		{2A6ECC70-CF19-408F-B092-9530EE6DD06F}.Release|Any CPU.Build.0 = Release|Any CPU
		{BE7C2F06-785E-4BCE-9413-3197ECBD9790}.Debug|Any CPU.ActiveCfg = Debug|Any CPU
		{BE7C2F06-785E-4BCE-9413-3197ECBD9790}.Debug|Any CPU.Build.0 = Debug|Any CPU
		{BE7C2F06-785E-4BCE-9413-3197ECBD9790}.Release|Any CPU.ActiveCfg = Release|Any CPU
		{BE7C2F06-785E-4BCE-9413-3197ECBD9790}.Release|Any CPU.Build.0 = Release|Any CPU
		{FE7500D8-093E-405A-B767-2A9C49D8DE7F}.Debug|Any CPU.ActiveCfg = Debug|Any CPU
		{FE7500D8-093E-405A-B767-2A9C49D8DE7F}.Debug|Any CPU.Build.0 = Debug|Any CPU
		{FE7500D8-093E-405A-B767-2A9C49D8DE7F}.Release|Any CPU.ActiveCfg = Release|Any CPU
		{FE7500D8-093E-405A-B767-2A9C49D8DE7F}.Release|Any CPU.Build.0 = Release|Any CPU
		{FBC1F57B-4FA7-400C-B6F8-86700507F9B4}.Debug|Any CPU.ActiveCfg = Debug|Any CPU
		{FBC1F57B-4FA7-400C-B6F8-86700507F9B4}.Debug|Any CPU.Build.0 = Debug|Any CPU
		{FBC1F57B-4FA7-400C-B6F8-86700507F9B4}.Release|Any CPU.ActiveCfg = Release|Any CPU
		{FBC1F57B-4FA7-400C-B6F8-86700507F9B4}.Release|Any CPU.Build.0 = Release|Any CPU
		{4A84C25C-2443-4261-A8CB-F224851B9CE1}.Debug|Any CPU.ActiveCfg = Debug|Any CPU
		{4A84C25C-2443-4261-A8CB-F224851B9CE1}.Debug|Any CPU.Build.0 = Debug|Any CPU
		{4A84C25C-2443-4261-A8CB-F224851B9CE1}.Release|Any CPU.ActiveCfg = Release|Any CPU
		{4A84C25C-2443-4261-A8CB-F224851B9CE1}.Release|Any CPU.Build.0 = Release|Any CPU
		{3A126F42-6267-4ECC-9AB8-024DFF8B934E}.Debug|Any CPU.ActiveCfg = Debug|Any CPU
		{3A126F42-6267-4ECC-9AB8-024DFF8B934E}.Debug|Any CPU.Build.0 = Debug|Any CPU
		{3A126F42-6267-4ECC-9AB8-024DFF8B934E}.Release|Any CPU.ActiveCfg = Release|Any CPU
		{3A126F42-6267-4ECC-9AB8-024DFF8B934E}.Release|Any CPU.Build.0 = Release|Any CPU
		{5E680345-355D-40CD-BF9B-31157F8CEAD8}.Debug|Any CPU.ActiveCfg = Debug|Any CPU
		{5E680345-355D-40CD-BF9B-31157F8CEAD8}.Debug|Any CPU.Build.0 = Debug|Any CPU
		{5E680345-355D-40CD-BF9B-31157F8CEAD8}.Release|Any CPU.ActiveCfg = Release|Any CPU
		{5E680345-355D-40CD-BF9B-31157F8CEAD8}.Release|Any CPU.Build.0 = Release|Any CPU
		{4EF56FE3-E3D2-417E-BE75-376225EAFC42}.Debug|Any CPU.ActiveCfg = Debug|Any CPU
		{4EF56FE3-E3D2-417E-BE75-376225EAFC42}.Debug|Any CPU.Build.0 = Debug|Any CPU
		{4EF56FE3-E3D2-417E-BE75-376225EAFC42}.Release|Any CPU.ActiveCfg = Release|Any CPU
		{4EF56FE3-E3D2-417E-BE75-376225EAFC42}.Release|Any CPU.Build.0 = Release|Any CPU
		{7B30B754-B4D9-4B16-B599-9EAA5A2DFC77}.Debug|Any CPU.ActiveCfg = Debug|Any CPU
		{7B30B754-B4D9-4B16-B599-9EAA5A2DFC77}.Debug|Any CPU.Build.0 = Debug|Any CPU
		{7B30B754-B4D9-4B16-B599-9EAA5A2DFC77}.Release|Any CPU.ActiveCfg = Release|Any CPU
		{7B30B754-B4D9-4B16-B599-9EAA5A2DFC77}.Release|Any CPU.Build.0 = Release|Any CPU
	EndGlobalSection
	GlobalSection(SolutionProperties) = preSolution
		HideSolutionNode = FALSE
	EndGlobalSection
	GlobalSection(ExtensibilityGlobals) = postSolution
		SolutionGuid = {8048CCF2-244E-48E9-ABAC-87AB5DBEA77C}
	EndGlobalSection
EndGlobal
