
Microsoft Visual Studio Solution File, Format Version 12.00
# Visual Studio Version 16
VisualStudioVersion = 16.0.29209.152
MinimumVisualStudioVersion = 10.0.40219.1
Project("{9A19103F-16F7-4668-BE54-9A1E7A4F7556}") = "FMBot.Bot", "FMBot.Bot\FMBot.Bot.csproj", "{D4B253A5-9653-4827-A3A8-5A20413028CD}"
	ProjectSection(ProjectDependencies) = postProject
		{769E7FD4-97EB-447C-92FB-11ED991EDAEF} = {769E7FD4-97EB-447C-92FB-11ED991EDAEF}
	EndProjectSection
EndProject
Project("{9A19103F-16F7-4668-BE54-9A1E7A4F7556}") = "FMBot.Persistence.EntityFrameWork", "FMBot.Persistence.EntityFrameWork\FMBot.Persistence.EntityFrameWork.csproj", "{769E7FD4-97EB-447C-92FB-11ED991EDAEF}"
EndProject
Project("{9A19103F-16F7-4668-BE54-9A1E7A4F7556}") = "FMBot.DbMigration", "FMBot.DbMigration\FMBot.DbMigration.csproj", "{49E3B52B-8020-4714-8FE4-8C8BE223525F}"
	ProjectSection(ProjectDependencies) = postProject
		{769E7FD4-97EB-447C-92FB-11ED991EDAEF} = {769E7FD4-97EB-447C-92FB-11ED991EDAEF}
	EndProjectSection
EndProject
Project("{9A19103F-16F7-4668-BE54-9A1E7A4F7556}") = "FMBot.Logger", "FMBot.Logger\FMBot.Logger.csproj", "{731BFA7E-4B16-4FB6-A10F-8482DFE67CEA}"
EndProject
Project("{9A19103F-16F7-4668-BE54-9A1E7A4F7556}") = "FMBot.BotLists", "FMBot.BotLists\FMBot.BotLists.csproj", "{88AE10AA-CFAC-44E3-BBFA-D6C86D81B323}"
EndProject
Project("{9A19103F-16F7-4668-BE54-9A1E7A4F7556}") = "FMBot.LastFM", "FMBot.LastFM\FMBot.LastFM.csproj", "{1C1B04B5-D8DD-4719-B77F-5F81C370FFF4}"
EndProject
Project("{9A19103F-16F7-4668-BE54-9A1E7A4F7556}") = "FMBot.Persistence", "FMBot.Persistence\FMBot.Persistence.csproj", "{2A6ECC70-CF19-408F-B092-9530EE6DD06F}"
EndProject
Project("{9A19103F-16F7-4668-BE54-9A1E7A4F7556}") = "FMBot.Persistence.Domain", "FMBot.Persistence.Domain\FMBot.Persistence.Domain.csproj", "{BE7C2F06-785E-4BCE-9413-3197ECBD9790}"
EndProject
Project("{9A19103F-16F7-4668-BE54-9A1E7A4F7556}") = "FMBot.LastFM.Domain", "FMBot.LastFM.Domain\FMBot.LastFM.Domain.csproj", "{FE7500D8-093E-405A-B767-2A9C49D8DE7F}"
EndProject
Global
	GlobalSection(SolutionConfigurationPlatforms) = preSolution
		Debug|Any CPU = Debug|Any CPU
		Release|Any CPU = Release|Any CPU
	EndGlobalSection
	GlobalSection(ProjectConfigurationPlatforms) = postSolution
		{D4B253A5-9653-4827-A3A8-5A20413028CD}.Debug|Any CPU.ActiveCfg = Debug|Any CPU
		{D4B253A5-9653-4827-A3A8-5A20413028CD}.Debug|Any CPU.Build.0 = Debug|Any CPU
		{D4B253A5-9653-4827-A3A8-5A20413028CD}.Release|Any CPU.ActiveCfg = Release|Any CPU
		{D4B253A5-9653-4827-A3A8-5A20413028CD}.Release|Any CPU.Build.0 = Release|Any CPU
		{769E7FD4-97EB-447C-92FB-11ED991EDAEF}.Debug|Any CPU.ActiveCfg = Debug|Any CPU
		{769E7FD4-97EB-447C-92FB-11ED991EDAEF}.Debug|Any CPU.Build.0 = Debug|Any CPU
		{769E7FD4-97EB-447C-92FB-11ED991EDAEF}.Release|Any CPU.ActiveCfg = Release|Any CPU
		{769E7FD4-97EB-447C-92FB-11ED991EDAEF}.Release|Any CPU.Build.0 = Release|Any CPU
		{49E3B52B-8020-4714-8FE4-8C8BE223525F}.Debug|Any CPU.ActiveCfg = Debug|Any CPU
		{49E3B52B-8020-4714-8FE4-8C8BE223525F}.Debug|Any CPU.Build.0 = Debug|Any CPU
		{49E3B52B-8020-4714-8FE4-8C8BE223525F}.Release|Any CPU.ActiveCfg = Release|Any CPU
		{49E3B52B-8020-4714-8FE4-8C8BE223525F}.Release|Any CPU.Build.0 = Release|Any CPU
		{731BFA7E-4B16-4FB6-A10F-8482DFE67CEA}.Debug|Any CPU.ActiveCfg = Debug|Any CPU
		{731BFA7E-4B16-4FB6-A10F-8482DFE67CEA}.Debug|Any CPU.Build.0 = Debug|Any CPU
		{731BFA7E-4B16-4FB6-A10F-8482DFE67CEA}.Release|Any CPU.ActiveCfg = Release|Any CPU
		{731BFA7E-4B16-4FB6-A10F-8482DFE67CEA}.Release|Any CPU.Build.0 = Release|Any CPU
		{88AE10AA-CFAC-44E3-BBFA-D6C86D81B323}.Debug|Any CPU.ActiveCfg = Debug|Any CPU
		{88AE10AA-CFAC-44E3-BBFA-D6C86D81B323}.Debug|Any CPU.Build.0 = Debug|Any CPU
		{88AE10AA-CFAC-44E3-BBFA-D6C86D81B323}.Release|Any CPU.ActiveCfg = Release|Any CPU
		{88AE10AA-CFAC-44E3-BBFA-D6C86D81B323}.Release|Any CPU.Build.0 = Release|Any CPU
		{1C1B04B5-D8DD-4719-B77F-5F81C370FFF4}.Debug|Any CPU.ActiveCfg = Debug|Any CPU
		{1C1B04B5-D8DD-4719-B77F-5F81C370FFF4}.Debug|Any CPU.Build.0 = Debug|Any CPU
		{1C1B04B5-D8DD-4719-B77F-5F81C370FFF4}.Release|Any CPU.ActiveCfg = Release|Any CPU
		{1C1B04B5-D8DD-4719-B77F-5F81C370FFF4}.Release|Any CPU.Build.0 = Release|Any CPU
		{2A6ECC70-CF19-408F-B092-9530EE6DD06F}.Debug|Any CPU.ActiveCfg = Debug|Any CPU
		{2A6ECC70-CF19-408F-B092-9530EE6DD06F}.Debug|Any CPU.Build.0 = Debug|Any CPU
		{2A6ECC70-CF19-408F-B092-9530EE6DD06F}.Release|Any CPU.ActiveCfg = Release|Any CPU
		{2A6ECC70-CF19-408F-B092-9530EE6DD06F}.Release|Any CPU.Build.0 = Release|Any CPU
		{BE7C2F06-785E-4BCE-9413-3197ECBD9790}.Debug|Any CPU.ActiveCfg = Debug|Any CPU
		{BE7C2F06-785E-4BCE-9413-3197ECBD9790}.Debug|Any CPU.Build.0 = Debug|Any CPU
		{BE7C2F06-785E-4BCE-9413-3197ECBD9790}.Release|Any CPU.ActiveCfg = Release|Any CPU
		{BE7C2F06-785E-4BCE-9413-3197ECBD9790}.Release|Any CPU.Build.0 = Release|Any CPU
		{FE7500D8-093E-405A-B767-2A9C49D8DE7F}.Debug|Any CPU.ActiveCfg = Debug|Any CPU
		{FE7500D8-093E-405A-B767-2A9C49D8DE7F}.Debug|Any CPU.Build.0 = Debug|Any CPU
		{FE7500D8-093E-405A-B767-2A9C49D8DE7F}.Release|Any CPU.ActiveCfg = Release|Any CPU
		{FE7500D8-093E-405A-B767-2A9C49D8DE7F}.Release|Any CPU.Build.0 = Release|Any CPU
	EndGlobalSection
	GlobalSection(SolutionProperties) = preSolution
		HideSolutionNode = FALSE
	EndGlobalSection
	GlobalSection(ExtensibilityGlobals) = postSolution
		SolutionGuid = {8048CCF2-244E-48E9-ABAC-87AB5DBEA77C}
	EndGlobalSection
EndGlobal
